
Microsoft Visual Studio Solution File, Format Version 12.00
# Visual Studio 15
VisualStudioVersion = 15.0.28307.106
MinimumVisualStudioVersion = 10.0.40219.1
Project("{9A19103F-16F7-4668-BE54-9A1E7A4F7556}") = "PizzaStore", "PizzaStore\PizzaStore.csproj", "{2CD1F786-6A78-4B15-828E-427D5D9A8F69}"
EndProject
Project("{FAE04EC0-301F-11D3-BF4B-00C04F79EFBC}") = "PizzaStore.Library", "PizzaStore.Library\PizzaStore.Library.csproj", "{53A2CF9C-F658-4B45-9A76-FBE750FACC30}"
EndProject
Project("{FAE04EC0-301F-11D3-BF4B-00C04F79EFBC}") = "PizzaStore.DataAccess", "PizzaStore.DataAccess\PizzaStore.DataAccess.csproj", "{97DB82C9-E1FB-4815-9887-9438AB72137B}"
EndProject
Global
	GlobalSection(SolutionConfigurationPlatforms) = preSolution
		Debug|Any CPU = Debug|Any CPU
		Release|Any CPU = Release|Any CPU
	EndGlobalSection
	GlobalSection(ProjectConfigurationPlatforms) = postSolution
		{2CD1F786-6A78-4B15-828E-427D5D9A8F69}.Debug|Any CPU.ActiveCfg = Debug|Any CPU
		{2CD1F786-6A78-4B15-828E-427D5D9A8F69}.Debug|Any CPU.Build.0 = Debug|Any CPU
		{2CD1F786-6A78-4B15-828E-427D5D9A8F69}.Release|Any CPU.ActiveCfg = Release|Any CPU
		{2CD1F786-6A78-4B15-828E-427D5D9A8F69}.Release|Any CPU.Build.0 = Release|Any CPU
		{53A2CF9C-F658-4B45-9A76-FBE750FACC30}.Debug|Any CPU.ActiveCfg = Debug|Any CPU
		{53A2CF9C-F658-4B45-9A76-FBE750FACC30}.Debug|Any CPU.Build.0 = Debug|Any CPU
		{53A2CF9C-F658-4B45-9A76-FBE750FACC30}.Release|Any CPU.ActiveCfg = Release|Any CPU
		{53A2CF9C-F658-4B45-9A76-FBE750FACC30}.Release|Any CPU.Build.0 = Release|Any CPU
		{97DB82C9-E1FB-4815-9887-9438AB72137B}.Debug|Any CPU.ActiveCfg = Debug|Any CPU
		{97DB82C9-E1FB-4815-9887-9438AB72137B}.Debug|Any CPU.Build.0 = Debug|Any CPU
		{97DB82C9-E1FB-4815-9887-9438AB72137B}.Release|Any CPU.ActiveCfg = Release|Any CPU
		{97DB82C9-E1FB-4815-9887-9438AB72137B}.Release|Any CPU.Build.0 = Release|Any CPU
	EndGlobalSection
	GlobalSection(SolutionProperties) = preSolution
		HideSolutionNode = FALSE
	EndGlobalSection
	GlobalSection(ExtensibilityGlobals) = postSolution
		SolutionGuid = {0E324F1D-A15C-4B7C-98DE-264888FBEFED}
	EndGlobalSection
EndGlobal
